// !$*UTF8*$!
{
	archiveVersion = 1;
	classes = {
	};
	objectVersion = 51;
	objects = {

/* Begin PBXBuildFile section */
		1AA18D284D89896B887E9046 /* Pods_CodeCheck.framework in Frameworks */ = {isa = PBXBuildFile; fileRef = 5C5818C686019B7B7F0A2BC5 /* Pods_CodeCheck.framework */; };
		211E47EC257BB56900B4ADC4 /* AppDelegate.swift in Sources */ = {isa = PBXBuildFile; fileRef = 211E47EB257BB56900B4ADC4 /* AppDelegate.swift */; };
		211E47EE257BB56900B4ADC4 /* SceneDelegate.swift in Sources */ = {isa = PBXBuildFile; fileRef = 211E47ED257BB56900B4ADC4 /* SceneDelegate.swift */; };
		211E47F0257BB56900B4ADC4 /* RootViewController.swift in Sources */ = {isa = PBXBuildFile; fileRef = 211E47EF257BB56900B4ADC4 /* RootViewController.swift */; };
		211E47F3257BB56900B4ADC4 /* Main.storyboard in Resources */ = {isa = PBXBuildFile; fileRef = 211E47F1257BB56900B4ADC4 /* Main.storyboard */; };
		211E47F5257BB56D00B4ADC4 /* Assets.xcassets in Resources */ = {isa = PBXBuildFile; fileRef = 211E47F4257BB56D00B4ADC4 /* Assets.xcassets */; };
		211E47F8257BB56D00B4ADC4 /* LaunchScreen.storyboard in Resources */ = {isa = PBXBuildFile; fileRef = 211E47F6257BB56D00B4ADC4 /* LaunchScreen.storyboard */; };
		211E4809257C858E00B4ADC4 /* GitData.swift in Sources */ = {isa = PBXBuildFile; fileRef = 211E4808257C858E00B4ADC4 /* GitData.swift */; };
		211E4810257CA3CA00B4ADC4 /* AllData.swift in Sources */ = {isa = PBXBuildFile; fileRef = 211E480F257CA3C900B4ADC4 /* AllData.swift */; };
		211E4814257E7CBF00B4ADC4 /* DetailViewController.swift in Sources */ = {isa = PBXBuildFile; fileRef = 211E4813257E7CBF00B4ADC4 /* DetailViewController.swift */; };
/* End PBXBuildFile section */

/* Begin PBXFileReference section */
		211E47E8257BB56900B4ADC4 /* CodeCheck.app */ = {isa = PBXFileReference; explicitFileType = wrapper.application; includeInIndex = 0; path = CodeCheck.app; sourceTree = BUILT_PRODUCTS_DIR; };
		211E47EB257BB56900B4ADC4 /* AppDelegate.swift */ = {isa = PBXFileReference; lastKnownFileType = sourcecode.swift; path = AppDelegate.swift; sourceTree = "<group>"; };
		211E47ED257BB56900B4ADC4 /* SceneDelegate.swift */ = {isa = PBXFileReference; lastKnownFileType = sourcecode.swift; path = SceneDelegate.swift; sourceTree = "<group>"; };
		211E47EF257BB56900B4ADC4 /* RootViewController.swift */ = {isa = PBXFileReference; lastKnownFileType = sourcecode.swift; path = RootViewController.swift; sourceTree = "<group>"; };
		211E47F2257BB56900B4ADC4 /* Base */ = {isa = PBXFileReference; lastKnownFileType = file.storyboard; name = Base; path = Base.lproj/Main.storyboard; sourceTree = "<group>"; };
		211E47F4257BB56D00B4ADC4 /* Assets.xcassets */ = {isa = PBXFileReference; lastKnownFileType = folder.assetcatalog; path = Assets.xcassets; sourceTree = "<group>"; };
		211E47F7257BB56D00B4ADC4 /* Base */ = {isa = PBXFileReference; lastKnownFileType = file.storyboard; name = Base; path = Base.lproj/LaunchScreen.storyboard; sourceTree = "<group>"; };
		211E47F9257BB56D00B4ADC4 /* Info.plist */ = {isa = PBXFileReference; lastKnownFileType = text.plist.xml; path = Info.plist; sourceTree = "<group>"; };
		211E4808257C858E00B4ADC4 /* GitData.swift */ = {isa = PBXFileReference; lastKnownFileType = sourcecode.swift; path = GitData.swift; sourceTree = "<group>"; };
		211E480F257CA3C900B4ADC4 /* AllData.swift */ = {isa = PBXFileReference; lastKnownFileType = sourcecode.swift; path = AllData.swift; sourceTree = "<group>"; };
		211E4813257E7CBF00B4ADC4 /* DetailViewController.swift */ = {isa = PBXFileReference; lastKnownFileType = sourcecode.swift; path = DetailViewController.swift; sourceTree = "<group>"; };
		5C5818C686019B7B7F0A2BC5 /* Pods_CodeCheck.framework */ = {isa = PBXFileReference; explicitFileType = wrapper.framework; includeInIndex = 0; path = Pods_CodeCheck.framework; sourceTree = BUILT_PRODUCTS_DIR; };
		AC6300825097B28AD9FC020D /* Pods-CodeCheck.debug.xcconfig */ = {isa = PBXFileReference; includeInIndex = 1; lastKnownFileType = text.xcconfig; name = "Pods-CodeCheck.debug.xcconfig"; path = "Target Support Files/Pods-CodeCheck/Pods-CodeCheck.debug.xcconfig"; sourceTree = "<group>"; };
		DC2EAFD854BF249380503466 /* Pods-CodeCheck.release.xcconfig */ = {isa = PBXFileReference; includeInIndex = 1; lastKnownFileType = text.xcconfig; name = "Pods-CodeCheck.release.xcconfig"; path = "Target Support Files/Pods-CodeCheck/Pods-CodeCheck.release.xcconfig"; sourceTree = "<group>"; };
/* End PBXFileReference section */

/* Begin PBXFrameworksBuildPhase section */
		211E47E5257BB56900B4ADC4 /* Frameworks */ = {
			isa = PBXFrameworksBuildPhase;
			buildActionMask = 2147483647;
			files = (
				1AA18D284D89896B887E9046 /* Pods_CodeCheck.framework in Frameworks */,
			);
			runOnlyForDeploymentPostprocessing = 0;
		};
/* End PBXFrameworksBuildPhase section */

/* Begin PBXGroup section */
		211E47DF257BB56800B4ADC4 = {
			isa = PBXGroup;
			children = (
				211E47EA257BB56900B4ADC4 /* CodeCheck */,
				211E47E9257BB56900B4ADC4 /* Products */,
				4BD140AD4D7A7473A5B2BFC4 /* Pods */,
				475DBA234D22E9CA66293145 /* Frameworks */,
			);
			sourceTree = "<group>";
		};
		211E47E9257BB56900B4ADC4 /* Products */ = {
			isa = PBXGroup;
			children = (
				211E47E8257BB56900B4ADC4 /* CodeCheck.app */,
			);
			name = Products;
			sourceTree = "<group>";
		};
		211E47EA257BB56900B4ADC4 /* CodeCheck */ = {
			isa = PBXGroup;
			children = (
				211E47EB257BB56900B4ADC4 /* AppDelegate.swift */,
				211E47ED257BB56900B4ADC4 /* SceneDelegate.swift */,
				211E47EF257BB56900B4ADC4 /* RootViewController.swift */,
				211E4813257E7CBF00B4ADC4 /* DetailViewController.swift */,
				211E480F257CA3C900B4ADC4 /* AllData.swift */,
				211E4808257C858E00B4ADC4 /* GitData.swift */,
				211E47F1257BB56900B4ADC4 /* Main.storyboard */,
				211E47F4257BB56D00B4ADC4 /* Assets.xcassets */,
				211E47F6257BB56D00B4ADC4 /* LaunchScreen.storyboard */,
				211E47F9257BB56D00B4ADC4 /* Info.plist */,
			);
			path = CodeCheck;
			sourceTree = "<group>";
		};
		475DBA234D22E9CA66293145 /* Frameworks */ = {
			isa = PBXGroup;
			children = (
				5C5818C686019B7B7F0A2BC5 /* Pods_CodeCheck.framework */,
			);
			name = Frameworks;
			sourceTree = "<group>";
		};
		4BD140AD4D7A7473A5B2BFC4 /* Pods */ = {
			isa = PBXGroup;
			children = (
				AC6300825097B28AD9FC020D /* Pods-CodeCheck.debug.xcconfig */,
				DC2EAFD854BF249380503466 /* Pods-CodeCheck.release.xcconfig */,
			);
			path = Pods;
			sourceTree = "<group>";
		};
/* End PBXGroup section */

/* Begin PBXNativeTarget section */
		211E47E7257BB56900B4ADC4 /* CodeCheck */ = {
			isa = PBXNativeTarget;
			buildConfigurationList = 211E47FC257BB56D00B4ADC4 /* Build configuration list for PBXNativeTarget "CodeCheck" */;
			buildPhases = (
				CE3231A0B4D5002FF088C2B1 /* [CP] Check Pods Manifest.lock */,
				211E47E4257BB56900B4ADC4 /* Sources */,
				211E47E5257BB56900B4ADC4 /* Frameworks */,
				211E47E6257BB56900B4ADC4 /* Resources */,
				EE752F3F14B64E2F823AC645 /* [CP] Embed Pods Frameworks */,
			);
			buildRules = (
			);
			dependencies = (
			);
			name = CodeCheck;
			productName = CodeCheck;
			productReference = 211E47E8257BB56900B4ADC4 /* CodeCheck.app */;
			productType = "com.apple.product-type.application";
		};
/* End PBXNativeTarget section */

/* Begin PBXProject section */
		211E47E0257BB56800B4ADC4 /* Project object */ = {
			isa = PBXProject;
			attributes = {
				LastSwiftUpdateCheck = 1200;
				LastUpgradeCheck = 1200;
				TargetAttributes = {
					211E47E7257BB56900B4ADC4 = {
						CreatedOnToolsVersion = 12.0.1;
					};
				};
			};
			buildConfigurationList = 211E47E3257BB56900B4ADC4 /* Build configuration list for PBXProject "CodeCheck" */;
			compatibilityVersion = "Xcode 9.3";
			developmentRegion = en;
			hasScannedForEncodings = 0;
			knownRegions = (
				en,
				Base,
			);
			mainGroup = 211E47DF257BB56800B4ADC4;
			productRefGroup = 211E47E9257BB56900B4ADC4 /* Products */;
			projectDirPath = "";
			projectRoot = "";
			targets = (
				211E47E7257BB56900B4ADC4 /* CodeCheck */,
			);
		};
/* End PBXProject section */

/* Begin PBXResourcesBuildPhase section */
		211E47E6257BB56900B4ADC4 /* Resources */ = {
			isa = PBXResourcesBuildPhase;
			buildActionMask = 2147483647;
			files = (
				211E47F8257BB56D00B4ADC4 /* LaunchScreen.storyboard in Resources */,
				211E47F5257BB56D00B4ADC4 /* Assets.xcassets in Resources */,
				211E47F3257BB56900B4ADC4 /* Main.storyboard in Resources */,
			);
			runOnlyForDeploymentPostprocessing = 0;
		};
/* End PBXResourcesBuildPhase section */

/* Begin PBXShellScriptBuildPhase section */
		CE3231A0B4D5002FF088C2B1 /* [CP] Check Pods Manifest.lock */ = {
			isa = PBXShellScriptBuildPhase;
			buildActionMask = 2147483647;
			files = (
			);
			inputFileListPaths = (
			);
			inputPaths = (
				"${PODS_PODFILE_DIR_PATH}/Podfile.lock",
				"${PODS_ROOT}/Manifest.lock",
			);
			name = "[CP] Check Pods Manifest.lock";
			outputFileListPaths = (
			);
			outputPaths = (
				"$(DERIVED_FILE_DIR)/Pods-CodeCheck-checkManifestLockResult.txt",
			);
			runOnlyForDeploymentPostprocessing = 0;
			shellPath = /bin/sh;
			shellScript = "diff \"${PODS_PODFILE_DIR_PATH}/Podfile.lock\" \"${PODS_ROOT}/Manifest.lock\" > /dev/null\nif [ $? != 0 ] ; then\n    # print error to STDERR\n    echo \"error: The sandbox is not in sync with the Podfile.lock. Run 'pod install' or update your CocoaPods installation.\" >&2\n    exit 1\nfi\n# This output is used by Xcode 'outputs' to avoid re-running this script phase.\necho \"SUCCESS\" > \"${SCRIPT_OUTPUT_FILE_0}\"\n";
			showEnvVarsInLog = 0;
		};
		EE752F3F14B64E2F823AC645 /* [CP] Embed Pods Frameworks */ = {
			isa = PBXShellScriptBuildPhase;
			buildActionMask = 2147483647;
			files = (
			);
			inputFileListPaths = (
				"${PODS_ROOT}/Target Support Files/Pods-CodeCheck/Pods-CodeCheck-frameworks-${CONFIGURATION}-input-files.xcfilelist",
			);
			name = "[CP] Embed Pods Frameworks";
			outputFileListPaths = (
				"${PODS_ROOT}/Target Support Files/Pods-CodeCheck/Pods-CodeCheck-frameworks-${CONFIGURATION}-output-files.xcfilelist",
			);
			runOnlyForDeploymentPostprocessing = 0;
			shellPath = /bin/sh;
			shellScript = "\"${PODS_ROOT}/Target Support Files/Pods-CodeCheck/Pods-CodeCheck-frameworks.sh\"\n";
			showEnvVarsInLog = 0;
		};
/* End PBXShellScriptBuildPhase section */

/* Begin PBXSourcesBuildPhase section */
		211E47E4257BB56900B4ADC4 /* Sources */ = {
			isa = PBXSourcesBuildPhase;
			buildActionMask = 2147483647;
			files = (
				211E47F0257BB56900B4ADC4 /* RootViewController.swift in Sources */,
				211E47EC257BB56900B4ADC4 /* AppDelegate.swift in Sources */,
				211E4810257CA3CA00B4ADC4 /* AllData.swift in Sources */,
				211E4814257E7CBF00B4ADC4 /* DetailViewController.swift in Sources */,
				211E4809257C858E00B4ADC4 /* GitData.swift in Sources */,
				211E47EE257BB56900B4ADC4 /* SceneDelegate.swift in Sources */,
			);
			runOnlyForDeploymentPostprocessing = 0;
		};
/* End PBXSourcesBuildPhase section */

/* Begin PBXVariantGroup section */
		211E47F1257BB56900B4ADC4 /* Main.storyboard */ = {
			isa = PBXVariantGroup;
			children = (
				211E47F2257BB56900B4ADC4 /* Base */,
			);
			name = Main.storyboard;
			sourceTree = "<group>";
		};
		211E47F6257BB56D00B4ADC4 /* LaunchScreen.storyboard */ = {
			isa = PBXVariantGroup;
			children = (
				211E47F7257BB56D00B4ADC4 /* Base */,
			);
			name = LaunchScreen.storyboard;
			sourceTree = "<group>";
		};
/* End PBXVariantGroup section */

/* Begin XCBuildConfiguration section */
		211E47FA257BB56D00B4ADC4 /* Debug */ = {
			isa = XCBuildConfiguration;
			buildSettings = {
				ALWAYS_SEARCH_USER_PATHS = NO;
				CLANG_ANALYZER_NONNULL = YES;
				CLANG_ANALYZER_NUMBER_OBJECT_CONVERSION = YES_AGGRESSIVE;
				CLANG_CXX_LANGUAGE_STANDARD = "gnu++14";
				CLANG_CXX_LIBRARY = "libc++";
				CLANG_ENABLE_MODULES = YES;
				CLANG_ENABLE_OBJC_ARC = YES;
				CLANG_ENABLE_OBJC_WEAK = YES;
				CLANG_WARN_BLOCK_CAPTURE_AUTORELEASING = YES;
				CLANG_WARN_BOOL_CONVERSION = YES;
				CLANG_WARN_COMMA = YES;
				CLANG_WARN_CONSTANT_CONVERSION = YES;
				CLANG_WARN_DEPRECATED_OBJC_IMPLEMENTATIONS = YES;
				CLANG_WARN_DIRECT_OBJC_ISA_USAGE = YES_ERROR;
				CLANG_WARN_DOCUMENTATION_COMMENTS = YES;
				CLANG_WARN_EMPTY_BODY = YES;
				CLANG_WARN_ENUM_CONVERSION = YES;
				CLANG_WARN_INFINITE_RECURSION = YES;
				CLANG_WARN_INT_CONVERSION = YES;
				CLANG_WARN_NON_LITERAL_NULL_CONVERSION = YES;
				CLANG_WARN_OBJC_IMPLICIT_RETAIN_SELF = YES;
				CLANG_WARN_OBJC_LITERAL_CONVERSION = YES;
				CLANG_WARN_OBJC_ROOT_CLASS = YES_ERROR;
				CLANG_WARN_QUOTED_INCLUDE_IN_FRAMEWORK_HEADER = YES;
				CLANG_WARN_RANGE_LOOP_ANALYSIS = YES;
				CLANG_WARN_STRICT_PROTOTYPES = YES;
				CLANG_WARN_SUSPICIOUS_MOVE = YES;
				CLANG_WARN_UNGUARDED_AVAILABILITY = YES_AGGRESSIVE;
				CLANG_WARN_UNREACHABLE_CODE = YES;
				CLANG_WARN__DUPLICATE_METHOD_MATCH = YES;
				COPY_PHASE_STRIP = NO;
				DEBUG_INFORMATION_FORMAT = dwarf;
				ENABLE_STRICT_OBJC_MSGSEND = YES;
				ENABLE_TESTABILITY = YES;
				GCC_C_LANGUAGE_STANDARD = gnu11;
				GCC_DYNAMIC_NO_PIC = NO;
				GCC_NO_COMMON_BLOCKS = YES;
				GCC_OPTIMIZATION_LEVEL = 0;
				GCC_PREPROCESSOR_DEFINITIONS = (
					"DEBUG=1",
					"$(inherited)",
				);
				GCC_WARN_64_TO_32_BIT_CONVERSION = YES;
				GCC_WARN_ABOUT_RETURN_TYPE = YES_ERROR;
				GCC_WARN_UNDECLARED_SELECTOR = YES;
				GCC_WARN_UNINITIALIZED_AUTOS = YES_AGGRESSIVE;
				GCC_WARN_UNUSED_FUNCTION = YES;
				GCC_WARN_UNUSED_VARIABLE = YES;
				IPHONEOS_DEPLOYMENT_TARGET = 14.0;
				MTL_ENABLE_DEBUG_INFO = INCLUDE_SOURCE;
				MTL_FAST_MATH = YES;
				ONLY_ACTIVE_ARCH = YES;
				SDKROOT = iphoneos;
				SWIFT_ACTIVE_COMPILATION_CONDITIONS = DEBUG;
				SWIFT_OPTIMIZATION_LEVEL = "-Onone";
			};
			name = Debug;
		};
		211E47FB257BB56D00B4ADC4 /* Release */ = {
			isa = XCBuildConfiguration;
			buildSettings = {
				ALWAYS_SEARCH_USER_PATHS = NO;
				CLANG_ANALYZER_NONNULL = YES;
				CLANG_ANALYZER_NUMBER_OBJECT_CONVERSION = YES_AGGRESSIVE;
				CLANG_CXX_LANGUAGE_STANDARD = "gnu++14";
				CLANG_CXX_LIBRARY = "libc++";
				CLANG_ENABLE_MODULES = YES;
				CLANG_ENABLE_OBJC_ARC = YES;
				CLANG_ENABLE_OBJC_WEAK = YES;
				CLANG_WARN_BLOCK_CAPTURE_AUTORELEASING = YES;
				CLANG_WARN_BOOL_CONVERSION = YES;
				CLANG_WARN_COMMA = YES;
				CLANG_WARN_CONSTANT_CONVERSION = YES;
				CLANG_WARN_DEPRECATED_OBJC_IMPLEMENTATIONS = YES;
				CLANG_WARN_DIRECT_OBJC_ISA_USAGE = YES_ERROR;
				CLANG_WARN_DOCUMENTATION_COMMENTS = YES;
				CLANG_WARN_EMPTY_BODY = YES;
				CLANG_WARN_ENUM_CONVERSION = YES;
				CLANG_WARN_INFINITE_RECURSION = YES;
				CLANG_WARN_INT_CONVERSION = YES;
				CLANG_WARN_NON_LITERAL_NULL_CONVERSION = YES;
				CLANG_WARN_OBJC_IMPLICIT_RETAIN_SELF = YES;
				CLANG_WARN_OBJC_LITERAL_CONVERSION = YES;
				CLANG_WARN_OBJC_ROOT_CLASS = YES_ERROR;
				CLANG_WARN_QUOTED_INCLUDE_IN_FRAMEWORK_HEADER = YES;
				CLANG_WARN_RANGE_LOOP_ANALYSIS = YES;
				CLANG_WARN_STRICT_PROTOTYPES = YES;
				CLANG_WARN_SUSPICIOUS_MOVE = YES;
				CLANG_WARN_UNGUARDED_AVAILABILITY = YES_AGGRESSIVE;
				CLANG_WARN_UNREACHABLE_CODE = YES;
				CLANG_WARN__DUPLICATE_METHOD_MATCH = YES;
				COPY_PHASE_STRIP = NO;
				DEBUG_INFORMATION_FORMAT = "dwarf-with-dsym";
				ENABLE_NS_ASSERTIONS = NO;
				ENABLE_STRICT_OBJC_MSGSEND = YES;
				GCC_C_LANGUAGE_STANDARD = gnu11;
				GCC_NO_COMMON_BLOCKS = YES;
				GCC_WARN_64_TO_32_BIT_CONVERSION = YES;
				GCC_WARN_ABOUT_RETURN_TYPE = YES_ERROR;
				GCC_WARN_UNDECLARED_SELECTOR = YES;
				GCC_WARN_UNINITIALIZED_AUTOS = YES_AGGRESSIVE;
				GCC_WARN_UNUSED_FUNCTION = YES;
				GCC_WARN_UNUSED_VARIABLE = YES;
				IPHONEOS_DEPLOYMENT_TARGET = 14.0;
				MTL_ENABLE_DEBUG_INFO = NO;
				MTL_FAST_MATH = YES;
				SDKROOT = iphoneos;
				SWIFT_COMPILATION_MODE = wholemodule;
				SWIFT_OPTIMIZATION_LEVEL = "-O";
				VALIDATE_PRODUCT = YES;
			};
			name = Release;
		};
		211E47FD257BB56D00B4ADC4 /* Debug */ = {
			isa = XCBuildConfiguration;
			baseConfigurationReference = AC6300825097B28AD9FC020D /* Pods-CodeCheck.debug.xcconfig */;
			buildSettings = {
				ASSETCATALOG_COMPILER_APPICON_NAME = AppIcon;
				ASSETCATALOG_COMPILER_GLOBAL_ACCENT_COLOR_NAME = AccentColor;
				CODE_SIGN_STYLE = Automatic;
				DEVELOPMENT_TEAM = N283MSGRX2;
				INFOPLIST_FILE = CodeCheck/Info.plist;
				LD_RUNPATH_SEARCH_PATHS = (
					"$(inherited)",
					"@executable_path/Frameworks",
				);
				PRODUCT_BUNDLE_IDENTIFIER = jp.techacademy.kojiro.ito.CodeCheck;
				PRODUCT_NAME = "$(TARGET_NAME)";
				SWIFT_VERSION = 5.0;
				TARGETED_DEVICE_FAMILY = "1,2";
			};
			name = Debug;
		};
		211E47FE257BB56D00B4ADC4 /* Release */ = {
			isa = XCBuildConfiguration;
			baseConfigurationReference = DC2EAFD854BF249380503466 /* Pods-CodeCheck.release.xcconfig */;
			buildSettings = {
				ASSETCATALOG_COMPILER_APPICON_NAME = AppIcon;
				ASSETCATALOG_COMPILER_GLOBAL_ACCENT_COLOR_NAME = AccentColor;
				CODE_SIGN_STYLE = Automatic;
				DEVELOPMENT_TEAM = N283MSGRX2;
				INFOPLIST_FILE = CodeCheck/Info.plist;
				LD_RUNPATH_SEARCH_PATHS = (
					"$(inherited)",
					"@executable_path/Frameworks",
				);
				PRODUCT_BUNDLE_IDENTIFIER = jp.techacademy.kojiro.ito.CodeCheck;
				PRODUCT_NAME = "$(TARGET_NAME)";
				SWIFT_VERSION = 5.0;
				TARGETED_DEVICE_FAMILY = "1,2";
			};
			name = Release;
		};
/* End XCBuildConfiguration section */

/* Begin XCConfigurationList section */
		211E47E3257BB56900B4ADC4 /* Build configuration list for PBXProject "CodeCheck" */ = {
			isa = XCConfigurationList;
			buildConfigurations = (
				211E47FA257BB56D00B4ADC4 /* Debug */,
				211E47FB257BB56D00B4ADC4 /* Release */,
			);
			defaultConfigurationIsVisible = 0;
			defaultConfigurationName = Release;
		};
		211E47FC257BB56D00B4ADC4 /* Build configuration list for PBXNativeTarget "CodeCheck" */ = {
			isa = XCConfigurationList;
			buildConfigurations = (
				211E47FD257BB56D00B4ADC4 /* Debug */,
				211E47FE257BB56D00B4ADC4 /* Release */,
			);
			defaultConfigurationIsVisible = 0;
			defaultConfigurationName = Release;
		};
/* End XCConfigurationList section */
	};
	rootObject = 211E47E0257BB56800B4ADC4 /* Project object */;
}
